{
  "meteor": {},
  "dependencies": {
    "basePackages": {
      "observatory": {},
      "bootstrap-3": {},
      "font-awesome": {},
      "bootstrap3-less": {}
    },
    "packages": {
      "observatory": {
        "git": "https://github.com/jhoxray/observatory.git",
        "tag": "v0.3.21",
        "commit": "3d6b436af0a70b784d0f9ec4709907c77bd4fd63"
      },
      "bootstrap-3": {
        "git": "https://github.com/mangasocial/meteor-bootstrap-3.git",
        "tag": "v0.3.7",
        "commit": "5dd0d142c870647b910be80bc777b96f0dd45e5e"
      },
      "font-awesome": {
        "git": "https://github.com/nate-strauser/meteor-font-awesome.git",
        "tag": "v4.0.3",
        "commit": "61e9361384347547ae144f8228faa4deffda23db"
      },
      "bootstrap3-less": {
        "git": "https://github.com/eprochasson/bootstrap3-less",
        "tag": "v0.1.8",
        "commit": "48b6db4435d9f01a1fcfe694a180b38e8e38835b"
      },
      "observatory-apollo": {
        "git": "https://github.com/superstringsoftware/observatory-apollo.git",
        "tag": "v0.3.2",
        "commit": "f704848187a4da2bd179864ae80a1f73a3fd22a6"
      },
      "observatory-galileo": {
        "git": "https://github.com/superstringsoftware/observatory-galileo.git",
        "branch": "master",
        "commit": "f21b80e6502d38a7ce66206374b706f2cbd0228d"
      }
    }
  }
}
